
Microsoft Visual Studio Solution File, Format Version 12.00
# Visual Studio Version 16
VisualStudioVersion = 16.0.29519.181
MinimumVisualStudioVersion = 10.0.40219.1
Project("{9A19103F-16F7-4668-BE54-9A1E7A4F7556}") = "LogItUpApi", "LogItUpApi\LogItUpApi.csproj", "{517F5235-6DB8-47F6-80B2-736199962EA3}"
EndProject
Project("{FAE04EC0-301F-11D3-BF4B-00C04F79EFBC}") = "LogItUpApi.Test", "LogItUpApi.Test\LogItUpApi.Test.csproj", "{05D33189-A146-4EEE-B23F-7A829628A76B}"
EndProject
Global
	GlobalSection(SolutionConfigurationPlatforms) = preSolution
		Debug|Any CPU = Debug|Any CPU
		Release|Any CPU = Release|Any CPU
	EndGlobalSection
	GlobalSection(ProjectConfigurationPlatforms) = postSolution
		{517F5235-6DB8-47F6-80B2-736199962EA3}.Debug|Any CPU.ActiveCfg = Debug|Any CPU
		{517F5235-6DB8-47F6-80B2-736199962EA3}.Debug|Any CPU.Build.0 = Debug|Any CPU
		{517F5235-6DB8-47F6-80B2-736199962EA3}.Release|Any CPU.ActiveCfg = Release|Any CPU
		{517F5235-6DB8-47F6-80B2-736199962EA3}.Release|Any CPU.Build.0 = Release|Any CPU
		{05D33189-A146-4EEE-B23F-7A829628A76B}.Debug|Any CPU.ActiveCfg = Debug|Any CPU
		{05D33189-A146-4EEE-B23F-7A829628A76B}.Debug|Any CPU.Build.0 = Debug|Any CPU
		{05D33189-A146-4EEE-B23F-7A829628A76B}.Release|Any CPU.ActiveCfg = Release|Any CPU
		{05D33189-A146-4EEE-B23F-7A829628A76B}.Release|Any CPU.Build.0 = Release|Any CPU
	EndGlobalSection
	GlobalSection(SolutionProperties) = preSolution
		HideSolutionNode = FALSE
	EndGlobalSection
	GlobalSection(ExtensibilityGlobals) = postSolution
		SolutionGuid = {2C565FFA-B975-4F18-B0CF-2B9E743BEA71}
	EndGlobalSection
EndGlobal
